{
	"name": "protodb",
	"version": "0.0.1",
	"lockfileVersion": 1,
	"requires": true,
	"dependencies": {
		"@types/node": {
			"version": "11.13.0",
			"resolved": "https://registry.npmjs.org/@types/node/-/node-11.13.0.tgz",
			"integrity": "sha512-rx29MMkRdVmzunmiA4lzBYJNnXsW/PhG4kMBy2ATsYaDjGGR75dCFEVVROKpNwlVdcUX3xxlghKQOeDPBJobng==",
			"dev": true
		},
		"accepts": {
			"version": "1.3.5",
			"resolved": "https://registry.npmjs.org/accepts/-/accepts-1.3.5.tgz",
			"integrity": "sha1-63d99gEXI6OxTopywIBcjoZ0a9I=",
			"requires": {
				"mime-types": "~2.1.18",
				"negotiator": "0.6.1"
			}
		},
		"base64-js": {
			"version": "1.3.0",
			"resolved": "https://registry.npmjs.org/base64-js/-/base64-js-1.3.0.tgz",
			"integrity": "sha512-ccav/yGvoa80BQDljCxsmmQ3Xvx60/UpBIij5QN21W3wBi/hhIC9OoO+KLpu9IJTS9j4DRVJ3aDDF9cMSoa2lw=="
		},
		"mime-db": {
			"version": "1.38.0",
			"resolved": "https://registry.npmjs.org/mime-db/-/mime-db-1.38.0.tgz",
			"integrity": "sha512-bqVioMFFzc2awcdJZIzR3HjZFX20QhilVS7hytkKrv7xFAn8bM1gzc/FOX2awLISvWe0PV8ptFKcon+wZ5qYkg=="
		},
		"mime-types": {
			"version": "2.1.22",
			"resolved": "https://registry.npmjs.org/mime-types/-/mime-types-2.1.22.tgz",
			"integrity": "sha512-aGl6TZGnhm/li6F7yx82bJiBZwgiEa4Hf6CNr8YO+r5UHr53tSTYZb102zyU50DOWWKeOv0uQLRL0/9EiKWCog==",
			"requires": {
				"mime-db": "~1.38.0"
			}
		},
		"negotiator": {
			"version": "0.6.1",
			"resolved": "https://registry.npmjs.org/negotiator/-/negotiator-0.6.1.tgz",
			"integrity": "sha1-KzJxhOiZIQEXeyhWP7XnECrNDKk="
		},
		"structure-bytes": {
			"version": "17.2.0",
			"resolved": "https://registry.npmjs.org/structure-bytes/-/structure-bytes-17.2.0.tgz",
			"integrity": "sha512-zcF3SOIvsyYRLJebMTR9JW5TsDBEzlu1zsxfb/XqvkH8EbZESQYj7cSxV+Te/nDsCBRxGJll+o6EETZ4lVZIUw==",
			"requires": {
				"accepts": "^1.3.5",
				"base64-js": "^1.3.0"
			}
		},
		"typescript": {
			"version": "3.4.2",
			"resolved": "https://registry.npmjs.org/typescript/-/typescript-3.4.2.tgz",
			"integrity": "sha512-Og2Vn6Mk7JAuWA1hQdDQN/Ekm/SchX80VzLhjKN9ETYrIepBFAd8PkOdOTK2nKt0FCkmMZKBJvQ1dV1gIxPu/A==",
			"dev": true
		}
	}
}
